{
  "version": "4",
  "specifiers": {
    "jsr:@std/assert@*": "1.0.11",
    "jsr:@std/collections@*": "1.0.10",
    "jsr:@std/internal@^1.0.5": "1.0.5",
    "jsr:@std/text@*": "1.0.11"
  },
  "jsr": {
    "@std/assert@1.0.11": {
      "integrity": "2461ef3c368fe88bc60e186e7744a93112f16fd110022e113a0849e94d1c83c1",
      "dependencies": [
        "jsr:@std/internal"
      ]
    },
    "@std/collections@1.0.10": {
      "integrity": "903af106a3d92970d74e20f7ebff77d9658af9bef4403f1dc42a7801c0575899"
    },
    "@std/internal@1.0.5": {
      "integrity": "54a546004f769c1ac9e025abd15a76b6671ddc9687e2313b67376125650dc7ba"
    },
    "@std/text@1.0.11": {
      "integrity": "f191fa22590cac8b1cdba6cc4ab97940e720f7cc67b3084e54405b428bf5843d"
    }
  },
  "workspace": {
    "dependencies": [
      "jsr:@std/assert@1"
    ]
  }
}
